
Microsoft Visual Studio Solution File, Format Version 12.00
# Visual Studio 15
VisualStudioVersion = 15.0.27703.2026
MinimumVisualStudioVersion = 10.0.40219.1
Project("{9A19103F-16F7-4668-BE54-9A1E7A4F7556}") = "test", "test\test.csproj", "{22A46F4E-E012-4167-B5E5-FABD225CEE60}"
EndProject
Project("{2150E333-8FDC-42A3-9474-1A3956D46DE8}") = "Solution Items", "Solution Items", "{1F762126-617A-4A93-B86A-E4AC9765D6C4}"
	ProjectSection(SolutionItems) = preProject
		VisitorCommonTable.cs = VisitorCommonTable.cs
	EndProjectSection
EndProject
Global
	GlobalSection(SolutionConfigurationPlatforms) = preSolution
		Debug|Any CPU = Debug|Any CPU
		Release|Any CPU = Release|Any CPU
	EndGlobalSection
	GlobalSection(ProjectConfigurationPlatforms) = postSolution
		{22A46F4E-E012-4167-B5E5-FABD225CEE60}.Debug|Any CPU.ActiveCfg = Debug|Any CPU
		{22A46F4E-E012-4167-B5E5-FABD225CEE60}.Debug|Any CPU.Build.0 = Debug|Any CPU
		{22A46F4E-E012-4167-B5E5-FABD225CEE60}.Release|Any CPU.ActiveCfg = Release|Any CPU
		{22A46F4E-E012-4167-B5E5-FABD225CEE60}.Release|Any CPU.Build.0 = Release|Any CPU
	EndGlobalSection
	GlobalSection(SolutionProperties) = preSolution
		HideSolutionNode = FALSE
	EndGlobalSection
	GlobalSection(ExtensibilityGlobals) = postSolution
		SolutionGuid = {9363D22E-FCC8-4BE5-86E2-FAB7A55479DC}
	EndGlobalSection
EndGlobal
